
Microsoft Visual Studio Solution File, Format Version 12.00
# Visual Studio Version 17
VisualStudioVersion = 17.6.33829.357
MinimumVisualStudioVersion = 10.0.40219.1
Project("{FAE04EC0-301F-11D3-BF4B-00C04F79EFBC}") = "KONVERSI 2", "KONVERSI 2\KONVERSI 2.csproj", "{DCA76986-972D-483E-A380-A5DD1EC18671}"
EndProject
Global
	GlobalSection(SolutionConfigurationPlatforms) = preSolution
		Debug|Any CPU = Debug|Any CPU
		Release|Any CPU = Release|Any CPU
	EndGlobalSection
	GlobalSection(ProjectConfigurationPlatforms) = postSolution
		{DCA76986-972D-483E-A380-A5DD1EC18671}.Debug|Any CPU.ActiveCfg = Debug|Any CPU
		{DCA76986-972D-483E-A380-A5DD1EC18671}.Debug|Any CPU.Build.0 = Debug|Any CPU
		{DCA76986-972D-483E-A380-A5DD1EC18671}.Release|Any CPU.ActiveCfg = Release|Any CPU
		{DCA76986-972D-483E-A380-A5DD1EC18671}.Release|Any CPU.Build.0 = Release|Any CPU
	EndGlobalSection
	GlobalSection(SolutionProperties) = preSolution
		HideSolutionNode = FALSE
	EndGlobalSection
	GlobalSection(ExtensibilityGlobals) = postSolution
		SolutionGuid = {4E81E9FB-DF21-4793-AFDD-BECA9DDD4B28}
	EndGlobalSection
EndGlobal
